
Microsoft Visual Studio Solution File, Format Version 12.00
# Visual Studio Version 17
VisualStudioVersion = 17.10.35122.118
MinimumVisualStudioVersion = 10.0.40219.1
Project("{FAE04EC0-301F-11D3-BF4B-00C04F79EFBC}") = "Quiz Game WPF MOO ICT", "Quiz Game WPF MOO ICT.csproj", "{63B97508-0E5E-4A31-A2BA-51498785ED3E}"
EndProject
Global
	GlobalSection(SolutionConfigurationPlatforms) = preSolution
		Debug|Any CPU = Debug|Any CPU
		Release|Any CPU = Release|Any CPU
	EndGlobalSection
	GlobalSection(ProjectConfigurationPlatforms) = postSolution
		{63B97508-0E5E-4A31-A2BA-51498785ED3E}.Debug|Any CPU.ActiveCfg = Debug|Any CPU
		{63B97508-0E5E-4A31-A2BA-51498785ED3E}.Debug|Any CPU.Build.0 = Debug|Any CPU
		{63B97508-0E5E-4A31-A2BA-51498785ED3E}.Release|Any CPU.ActiveCfg = Release|Any CPU
		{63B97508-0E5E-4A31-A2BA-51498785ED3E}.Release|Any CPU.Build.0 = Release|Any CPU
	EndGlobalSection
	GlobalSection(SolutionProperties) = preSolution
		HideSolutionNode = FALSE
	EndGlobalSection
	GlobalSection(ExtensibilityGlobals) = postSolution
		SolutionGuid = {C34206CF-1DEE-42B3-BD66-E3B81944BCC0}
	EndGlobalSection
EndGlobal
